// !$*UTF8*$!
{
	archiveVersion = 1;
	classes = {
	};
	objectVersion = 50;
	objects = {

/* Begin PBXBuildFile section */
		B9EEB61124FCA1AB0093D869 /* AppDelegate.swift in Sources */ = {isa = PBXBuildFile; fileRef = B9EEB61024FCA1AB0093D869 /* AppDelegate.swift */; };
		B9EEB61324FCA1AB0093D869 /* SceneDelegate.swift in Sources */ = {isa = PBXBuildFile; fileRef = B9EEB61224FCA1AB0093D869 /* SceneDelegate.swift */; };
		B9EEB61524FCA1AB0093D869 /* ViewController.swift in Sources */ = {isa = PBXBuildFile; fileRef = B9EEB61424FCA1AB0093D869 /* ViewController.swift */; };
		B9EEB61824FCA1AB0093D869 /* Main.storyboard in Resources */ = {isa = PBXBuildFile; fileRef = B9EEB61624FCA1AB0093D869 /* Main.storyboard */; };
		B9EEB61A24FCA1AC0093D869 /* Assets.xcassets in Resources */ = {isa = PBXBuildFile; fileRef = B9EEB61924FCA1AC0093D869 /* Assets.xcassets */; };
		B9EEB61D24FCA1AC0093D869 /* LaunchScreen.storyboard in Resources */ = {isa = PBXBuildFile; fileRef = B9EEB61B24FCA1AC0093D869 /* LaunchScreen.storyboard */; };
		B9EEB62B24FCA4BE0093D869 /* Rider.swift in Sources */ = {isa = PBXBuildFile; fileRef = B9EEB62A24FCA4BE0093D869 /* Rider.swift */; };
		B9EEB62D24FCA4CF0093D869 /* Driver.swift in Sources */ = {isa = PBXBuildFile; fileRef = B9EEB62C24FCA4CF0093D869 /* Driver.swift */; };
		B9EEB62F24FCA4E20093D869 /* User.swift in Sources */ = {isa = PBXBuildFile; fileRef = B9EEB62E24FCA4E20093D869 /* User.swift */; };
		B9EEB63124FCA64F0093D869 /* SuperUser.swift in Sources */ = {isa = PBXBuildFile; fileRef = B9EEB63024FCA64F0093D869 /* SuperUser.swift */; };
/* End PBXBuildFile section */

/* Begin PBXFileReference section */
		B9EEB60D24FCA1AB0093D869 /* Scuper.app */ = {isa = PBXFileReference; explicitFileType = wrapper.application; includeInIndex = 0; path = Scuper.app; sourceTree = BUILT_PRODUCTS_DIR; };
		B9EEB61024FCA1AB0093D869 /* AppDelegate.swift */ = {isa = PBXFileReference; lastKnownFileType = sourcecode.swift; path = AppDelegate.swift; sourceTree = "<group>"; };
		B9EEB61224FCA1AB0093D869 /* SceneDelegate.swift */ = {isa = PBXFileReference; lastKnownFileType = sourcecode.swift; path = SceneDelegate.swift; sourceTree = "<group>"; };
		B9EEB61424FCA1AB0093D869 /* ViewController.swift */ = {isa = PBXFileReference; lastKnownFileType = sourcecode.swift; path = ViewController.swift; sourceTree = "<group>"; };
		B9EEB61724FCA1AB0093D869 /* Base */ = {isa = PBXFileReference; lastKnownFileType = file.storyboard; name = Base; path = Base.lproj/Main.storyboard; sourceTree = "<group>"; };
		B9EEB61924FCA1AC0093D869 /* Assets.xcassets */ = {isa = PBXFileReference; lastKnownFileType = folder.assetcatalog; path = Assets.xcassets; sourceTree = "<group>"; };
		B9EEB61C24FCA1AC0093D869 /* Base */ = {isa = PBXFileReference; lastKnownFileType = file.storyboard; name = Base; path = Base.lproj/LaunchScreen.storyboard; sourceTree = "<group>"; };
		B9EEB61E24FCA1AC0093D869 /* Info.plist */ = {isa = PBXFileReference; lastKnownFileType = text.plist.xml; path = Info.plist; sourceTree = "<group>"; };
		B9EEB62A24FCA4BE0093D869 /* Rider.swift */ = {isa = PBXFileReference; lastKnownFileType = sourcecode.swift; path = Rider.swift; sourceTree = "<group>"; };
		B9EEB62C24FCA4CF0093D869 /* Driver.swift */ = {isa = PBXFileReference; lastKnownFileType = sourcecode.swift; path = Driver.swift; sourceTree = "<group>"; };
		B9EEB62E24FCA4E20093D869 /* User.swift */ = {isa = PBXFileReference; lastKnownFileType = sourcecode.swift; path = User.swift; sourceTree = "<group>"; };
		B9EEB63024FCA64F0093D869 /* SuperUser.swift */ = {isa = PBXFileReference; lastKnownFileType = sourcecode.swift; path = SuperUser.swift; sourceTree = "<group>"; };
/* End PBXFileReference section */

/* Begin PBXFrameworksBuildPhase section */
		B9EEB60A24FCA1AB0093D869 /* Frameworks */ = {
			isa = PBXFrameworksBuildPhase;
			buildActionMask = 2147483647;
			files = (
			);
			runOnlyForDeploymentPostprocessing = 0;
		};
/* End PBXFrameworksBuildPhase section */

/* Begin PBXGroup section */
		B9EEB60424FCA1AA0093D869 = {
			isa = PBXGroup;
			children = (
				B9EEB60F24FCA1AB0093D869 /* Scuper */,
				B9EEB60E24FCA1AB0093D869 /* Products */,
			);
			sourceTree = "<group>";
		};
		B9EEB60E24FCA1AB0093D869 /* Products */ = {
			isa = PBXGroup;
			children = (
				B9EEB60D24FCA1AB0093D869 /* Scuper.app */,
			);
			name = Products;
			sourceTree = "<group>";
		};
		B9EEB60F24FCA1AB0093D869 /* Scuper */ = {
			isa = PBXGroup;
			children = (
				B9EEB62924FCA4A30093D869 /* Model */,
				B9EEB62824FCA49A0093D869 /* View */,
				B9EEB62624FCA4620093D869 /* Controller */,
				B9EEB62424FCA4530093D869 /* Resources */,
			);
			path = Scuper;
			sourceTree = "<group>";
		};
		B9EEB62424FCA4530093D869 /* Resources */ = {
			isa = PBXGroup;
			children = (
				B9EEB61024FCA1AB0093D869 /* AppDelegate.swift */,
				B9EEB61224FCA1AB0093D869 /* SceneDelegate.swift */,
				B9EEB61924FCA1AC0093D869 /* Assets.xcassets */,
				B9EEB61E24FCA1AC0093D869 /* Info.plist */,
			);
			path = Resources;
			sourceTree = "<group>";
		};
		B9EEB62524FCA45C0093D869 /* View Controllers */ = {
			isa = PBXGroup;
			children = (
				B9EEB61424FCA1AB0093D869 /* ViewController.swift */,
			);
			path = "View Controllers";
			sourceTree = "<group>";
		};
		B9EEB62624FCA4620093D869 /* Controller */ = {
			isa = PBXGroup;
			children = (
				B9EEB62524FCA45C0093D869 /* View Controllers */,
			);
			path = Controller;
			sourceTree = "<group>";
		};
		B9EEB62724FCA46C0093D869 /* Storyboards */ = {
			isa = PBXGroup;
			children = (
				B9EEB61624FCA1AB0093D869 /* Main.storyboard */,
				B9EEB61B24FCA1AC0093D869 /* LaunchScreen.storyboard */,
			);
			path = Storyboards;
			sourceTree = "<group>";
		};
		B9EEB62824FCA49A0093D869 /* View */ = {
			isa = PBXGroup;
			children = (
				B9EEB62724FCA46C0093D869 /* Storyboards */,
			);
			path = View;
			sourceTree = "<group>";
		};
		B9EEB62924FCA4A30093D869 /* Model */ = {
			isa = PBXGroup;
			children = (
				B9EEB62A24FCA4BE0093D869 /* Rider.swift */,
				B9EEB62C24FCA4CF0093D869 /* Driver.swift */,
				B9EEB62E24FCA4E20093D869 /* User.swift */,
				B9EEB63024FCA64F0093D869 /* SuperUser.swift */,
			);
			path = Model;
			sourceTree = "<group>";
		};
/* End PBXGroup section */

/* Begin PBXNativeTarget section */
		B9EEB60C24FCA1AB0093D869 /* Scuper */ = {
			isa = PBXNativeTarget;
			buildConfigurationList = B9EEB62124FCA1AC0093D869 /* Build configuration list for PBXNativeTarget "Scuper" */;
			buildPhases = (
				B9EEB60924FCA1AB0093D869 /* Sources */,
				B9EEB60A24FCA1AB0093D869 /* Frameworks */,
				B9EEB60B24FCA1AB0093D869 /* Resources */,
			);
			buildRules = (
			);
			dependencies = (
			);
			name = Scuper;
			productName = Scuper;
			productReference = B9EEB60D24FCA1AB0093D869 /* Scuper.app */;
			productType = "com.apple.product-type.application";
		};
/* End PBXNativeTarget section */

/* Begin PBXProject section */
		B9EEB60524FCA1AA0093D869 /* Project object */ = {
			isa = PBXProject;
			attributes = {
				LastSwiftUpdateCheck = 1160;
				LastUpgradeCheck = 1160;
				ORGANIZATIONNAME = "Woke Development";
				TargetAttributes = {
					B9EEB60C24FCA1AB0093D869 = {
						CreatedOnToolsVersion = 11.6;
					};
				};
			};
			buildConfigurationList = B9EEB60824FCA1AA0093D869 /* Build configuration list for PBXProject "Scuper" */;
			compatibilityVersion = "Xcode 9.3";
			developmentRegion = en;
			hasScannedForEncodings = 0;
			knownRegions = (
				en,
				Base,
			);
			mainGroup = B9EEB60424FCA1AA0093D869;
			productRefGroup = B9EEB60E24FCA1AB0093D869 /* Products */;
			projectDirPath = "";
			projectRoot = "";
			targets = (
				B9EEB60C24FCA1AB0093D869 /* Scuper */,
			);
		};
/* End PBXProject section */

/* Begin PBXResourcesBuildPhase section */
		B9EEB60B24FCA1AB0093D869 /* Resources */ = {
			isa = PBXResourcesBuildPhase;
			buildActionMask = 2147483647;
			files = (
				B9EEB61D24FCA1AC0093D869 /* LaunchScreen.storyboard in Resources */,
				B9EEB61A24FCA1AC0093D869 /* Assets.xcassets in Resources */,
				B9EEB61824FCA1AB0093D869 /* Main.storyboard in Resources */,
			);
			runOnlyForDeploymentPostprocessing = 0;
		};
/* End PBXResourcesBuildPhase section */

/* Begin PBXSourcesBuildPhase section */
		B9EEB60924FCA1AB0093D869 /* Sources */ = {
			isa = PBXSourcesBuildPhase;
			buildActionMask = 2147483647;
			files = (
				B9EEB62D24FCA4CF0093D869 /* Driver.swift in Sources */,
				B9EEB62B24FCA4BE0093D869 /* Rider.swift in Sources */,
				B9EEB63124FCA64F0093D869 /* SuperUser.swift in Sources */,
				B9EEB62F24FCA4E20093D869 /* User.swift in Sources */,
				B9EEB61524FCA1AB0093D869 /* ViewController.swift in Sources */,
				B9EEB61124FCA1AB0093D869 /* AppDelegate.swift in Sources */,
				B9EEB61324FCA1AB0093D869 /* SceneDelegate.swift in Sources */,
			);
			runOnlyForDeploymentPostprocessing = 0;
		};
/* End PBXSourcesBuildPhase section */

/* Begin PBXVariantGroup section */
		B9EEB61624FCA1AB0093D869 /* Main.storyboard */ = {
			isa = PBXVariantGroup;
			children = (
				B9EEB61724FCA1AB0093D869 /* Base */,
			);
			name = Main.storyboard;
			sourceTree = "<group>";
		};
		B9EEB61B24FCA1AC0093D869 /* LaunchScreen.storyboard */ = {
			isa = PBXVariantGroup;
			children = (
				B9EEB61C24FCA1AC0093D869 /* Base */,
			);
			name = LaunchScreen.storyboard;
			sourceTree = "<group>";
		};
/* End PBXVariantGroup section */

/* Begin XCBuildConfiguration section */
		B9EEB61F24FCA1AC0093D869 /* Debug */ = {
			isa = XCBuildConfiguration;
			buildSettings = {
				ALWAYS_SEARCH_USER_PATHS = NO;
				CLANG_ANALYZER_NONNULL = YES;
				CLANG_ANALYZER_NUMBER_OBJECT_CONVERSION = YES_AGGRESSIVE;
				CLANG_CXX_LANGUAGE_STANDARD = "gnu++14";
				CLANG_CXX_LIBRARY = "libc++";
				CLANG_ENABLE_MODULES = YES;
				CLANG_ENABLE_OBJC_ARC = YES;
				CLANG_ENABLE_OBJC_WEAK = YES;
				CLANG_WARN_BLOCK_CAPTURE_AUTORELEASING = YES;
				CLANG_WARN_BOOL_CONVERSION = YES;
				CLANG_WARN_COMMA = YES;
				CLANG_WARN_CONSTANT_CONVERSION = YES;
				CLANG_WARN_DEPRECATED_OBJC_IMPLEMENTATIONS = YES;
				CLANG_WARN_DIRECT_OBJC_ISA_USAGE = YES_ERROR;
				CLANG_WARN_DOCUMENTATION_COMMENTS = YES;
				CLANG_WARN_EMPTY_BODY = YES;
				CLANG_WARN_ENUM_CONVERSION = YES;
				CLANG_WARN_INFINITE_RECURSION = YES;
				CLANG_WARN_INT_CONVERSION = YES;
				CLANG_WARN_NON_LITERAL_NULL_CONVERSION = YES;
				CLANG_WARN_OBJC_IMPLICIT_RETAIN_SELF = YES;
				CLANG_WARN_OBJC_LITERAL_CONVERSION = YES;
				CLANG_WARN_OBJC_ROOT_CLASS = YES_ERROR;
				CLANG_WARN_RANGE_LOOP_ANALYSIS = YES;
				CLANG_WARN_STRICT_PROTOTYPES = YES;
				CLANG_WARN_SUSPICIOUS_MOVE = YES;
				CLANG_WARN_UNGUARDED_AVAILABILITY = YES_AGGRESSIVE;
				CLANG_WARN_UNREACHABLE_CODE = YES;
				CLANG_WARN__DUPLICATE_METHOD_MATCH = YES;
				COPY_PHASE_STRIP = NO;
				DEBUG_INFORMATION_FORMAT = dwarf;
				ENABLE_STRICT_OBJC_MSGSEND = YES;
				ENABLE_TESTABILITY = YES;
				GCC_C_LANGUAGE_STANDARD = gnu11;
				GCC_DYNAMIC_NO_PIC = NO;
				GCC_NO_COMMON_BLOCKS = YES;
				GCC_OPTIMIZATION_LEVEL = 0;
				GCC_PREPROCESSOR_DEFINITIONS = (
					"DEBUG=1",
					"$(inherited)",
				);
				GCC_WARN_64_TO_32_BIT_CONVERSION = YES;
				GCC_WARN_ABOUT_RETURN_TYPE = YES_ERROR;
				GCC_WARN_UNDECLARED_SELECTOR = YES;
				GCC_WARN_UNINITIALIZED_AUTOS = YES_AGGRESSIVE;
				GCC_WARN_UNUSED_FUNCTION = YES;
				GCC_WARN_UNUSED_VARIABLE = YES;
				IPHONEOS_DEPLOYMENT_TARGET = 13.6;
				MTL_ENABLE_DEBUG_INFO = INCLUDE_SOURCE;
				MTL_FAST_MATH = YES;
				ONLY_ACTIVE_ARCH = YES;
				SDKROOT = iphoneos;
				SWIFT_ACTIVE_COMPILATION_CONDITIONS = DEBUG;
				SWIFT_OPTIMIZATION_LEVEL = "-Onone";
			};
			name = Debug;
		};
		B9EEB62024FCA1AC0093D869 /* Release */ = {
			isa = XCBuildConfiguration;
			buildSettings = {
				ALWAYS_SEARCH_USER_PATHS = NO;
				CLANG_ANALYZER_NONNULL = YES;
				CLANG_ANALYZER_NUMBER_OBJECT_CONVERSION = YES_AGGRESSIVE;
				CLANG_CXX_LANGUAGE_STANDARD = "gnu++14";
				CLANG_CXX_LIBRARY = "libc++";
				CLANG_ENABLE_MODULES = YES;
				CLANG_ENABLE_OBJC_ARC = YES;
				CLANG_ENABLE_OBJC_WEAK = YES;
				CLANG_WARN_BLOCK_CAPTURE_AUTORELEASING = YES;
				CLANG_WARN_BOOL_CONVERSION = YES;
				CLANG_WARN_COMMA = YES;
				CLANG_WARN_CONSTANT_CONVERSION = YES;
				CLANG_WARN_DEPRECATED_OBJC_IMPLEMENTATIONS = YES;
				CLANG_WARN_DIRECT_OBJC_ISA_USAGE = YES_ERROR;
				CLANG_WARN_DOCUMENTATION_COMMENTS = YES;
				CLANG_WARN_EMPTY_BODY = YES;
				CLANG_WARN_ENUM_CONVERSION = YES;
				CLANG_WARN_INFINITE_RECURSION = YES;
				CLANG_WARN_INT_CONVERSION = YES;
				CLANG_WARN_NON_LITERAL_NULL_CONVERSION = YES;
				CLANG_WARN_OBJC_IMPLICIT_RETAIN_SELF = YES;
				CLANG_WARN_OBJC_LITERAL_CONVERSION = YES;
				CLANG_WARN_OBJC_ROOT_CLASS = YES_ERROR;
				CLANG_WARN_RANGE_LOOP_ANALYSIS = YES;
				CLANG_WARN_STRICT_PROTOTYPES = YES;
				CLANG_WARN_SUSPICIOUS_MOVE = YES;
				CLANG_WARN_UNGUARDED_AVAILABILITY = YES_AGGRESSIVE;
				CLANG_WARN_UNREACHABLE_CODE = YES;
				CLANG_WARN__DUPLICATE_METHOD_MATCH = YES;
				COPY_PHASE_STRIP = NO;
				DEBUG_INFORMATION_FORMAT = "dwarf-with-dsym";
				ENABLE_NS_ASSERTIONS = NO;
				ENABLE_STRICT_OBJC_MSGSEND = YES;
				GCC_C_LANGUAGE_STANDARD = gnu11;
				GCC_NO_COMMON_BLOCKS = YES;
				GCC_WARN_64_TO_32_BIT_CONVERSION = YES;
				GCC_WARN_ABOUT_RETURN_TYPE = YES_ERROR;
				GCC_WARN_UNDECLARED_SELECTOR = YES;
				GCC_WARN_UNINITIALIZED_AUTOS = YES_AGGRESSIVE;
				GCC_WARN_UNUSED_FUNCTION = YES;
				GCC_WARN_UNUSED_VARIABLE = YES;
				IPHONEOS_DEPLOYMENT_TARGET = 13.6;
				MTL_ENABLE_DEBUG_INFO = NO;
				MTL_FAST_MATH = YES;
				SDKROOT = iphoneos;
				SWIFT_COMPILATION_MODE = wholemodule;
				SWIFT_OPTIMIZATION_LEVEL = "-O";
				VALIDATE_PRODUCT = YES;
			};
			name = Release;
		};
		B9EEB62224FCA1AC0093D869 /* Debug */ = {
			isa = XCBuildConfiguration;
			buildSettings = {
				ASSETCATALOG_COMPILER_APPICON_NAME = AppIcon;
				CODE_SIGN_STYLE = Automatic;
				DEVELOPMENT_TEAM = 34P4RF23ET;
				INFOPLIST_FILE = Scuper/Info.plist;
				LD_RUNPATH_SEARCH_PATHS = (
					"$(inherited)",
					"@executable_path/Frameworks",
				);
				PRODUCT_BUNDLE_IDENTIFIER = com.WokeDevelopment.Scuper;
				PRODUCT_NAME = "$(TARGET_NAME)";
				SWIFT_VERSION = 5.0;
				TARGETED_DEVICE_FAMILY = "1,2";
			};
			name = Debug;
		};
		B9EEB62324FCA1AC0093D869 /* Release */ = {
			isa = XCBuildConfiguration;
			buildSettings = {
				ASSETCATALOG_COMPILER_APPICON_NAME = AppIcon;
				CODE_SIGN_STYLE = Automatic;
				DEVELOPMENT_TEAM = 34P4RF23ET;
				INFOPLIST_FILE = Scuper/Info.plist;
				LD_RUNPATH_SEARCH_PATHS = (
					"$(inherited)",
					"@executable_path/Frameworks",
				);
				PRODUCT_BUNDLE_IDENTIFIER = com.WokeDevelopment.Scuper;
				PRODUCT_NAME = "$(TARGET_NAME)";
				SWIFT_VERSION = 5.0;
				TARGETED_DEVICE_FAMILY = "1,2";
			};
			name = Release;
		};
/* End XCBuildConfiguration section */

/* Begin XCConfigurationList section */
		B9EEB60824FCA1AA0093D869 /* Build configuration list for PBXProject "Scuper" */ = {
			isa = XCConfigurationList;
			buildConfigurations = (
				B9EEB61F24FCA1AC0093D869 /* Debug */,
				B9EEB62024FCA1AC0093D869 /* Release */,
			);
			defaultConfigurationIsVisible = 0;
			defaultConfigurationName = Release;
		};
		B9EEB62124FCA1AC0093D869 /* Build configuration list for PBXNativeTarget "Scuper" */ = {
			isa = XCConfigurationList;
			buildConfigurations = (
				B9EEB62224FCA1AC0093D869 /* Debug */,
				B9EEB62324FCA1AC0093D869 /* Release */,
			);
			defaultConfigurationIsVisible = 0;
			defaultConfigurationName = Release;
		};
/* End XCConfigurationList section */
	};
	rootObject = B9EEB60524FCA1AA0093D869 /* Project object */;
}
